
Microsoft Visual Studio Solution File, Format Version 12.00
# Visual Studio Version 17
VisualStudioVersion = 17.0.31903.59
MinimumVisualStudioVersion = 10.0.40219.1
Project("{2150E333-8FDC-42A3-9474-1A3956D46DE8}") = "framework", "framework", "{9A0CCAB9-4303-13B4-2371-F1B97FF5B728}"
EndProject
Project("{FAE04EC0-301F-11D3-BF4B-00C04F79EFBC}") = "TinyAbp.Framework.Core", "framework\TinyAbp.Framework.Core\TinyAbp.Framework.Core.csproj", "{80CEB65D-1576-4FBB-91BE-7814DA7444D7}"
EndProject
Project("{FAE04EC0-301F-11D3-BF4B-00C04F79EFBC}") = "TinyAbp.Framework.AspNetCore", "framework\TinyAbp.Framework.AspNetCore\TinyAbp.Framework.AspNetCore.csproj", "{1348E749-ED3F-46A9-8171-B0942B63E84E}"
EndProject
Project("{2150E333-8FDC-42A3-9474-1A3956D46DE8}") = "src", "src", "{827E0CD3-B72D-47B6-A68D-7590B98EB39B}"
EndProject
Project("{FAE04EC0-301F-11D3-BF4B-00C04F79EFBC}") = "TinyAbp.HttpApi.Host", "src\TinyAbp.HttpApi.Host\TinyAbp.HttpApi.Host.csproj", "{0CC1EF48-AC62-4D3E-960B-F27E274F259B}"
EndProject
Project("{FAE04EC0-301F-11D3-BF4B-00C04F79EFBC}") = "TinyAbp.Framework.Logger.Serilog", "framework\TinyAbp.Framework.Logger.Serilog\TinyAbp.Framework.Logger.Serilog.csproj", "{4A8A781F-88C7-40DD-B0C4-77C113CA4F1D}"
EndProject
Project("{2150E333-8FDC-42A3-9474-1A3956D46DE8}") = "解决方案项", "解决方案项", "{9FA3D6BD-1EC1-3BA5-80CB-CE02773A58D5}"
	ProjectSection(SolutionItems) = preProject
		.gitignore = .gitignore
		Directory.Build.props = Directory.Build.props
		Directory.Packages.props = Directory.Packages.props
		LICENSE = LICENSE
		README.md = README.md
	EndProjectSection
EndProject
Project("{FAE04EC0-301F-11D3-BF4B-00C04F79EFBC}") = "TinyAbp.Framework.ApiDoc", "framework\TinyAbp.Framework.ApiDoc\TinyAbp.Framework.ApiDoc.csproj", "{3554B686-B64B-45B2-B2AA-6FFE2D7E78F3}"
EndProject
Project("{FAE04EC0-301F-11D3-BF4B-00C04F79EFBC}") = "TinyAbp.Framework.Ddd.Application", "framework\TinyAbp.Framework.Ddd.Application\TinyAbp.Framework.Ddd.Application.csproj", "{3040E487-D123-4D89-82D5-7C12F725C7A3}"
EndProject
Project("{FAE04EC0-301F-11D3-BF4B-00C04F79EFBC}") = "TinyAbp.Framework.Ddd.Application.Contracts", "framework\TinyAbp.Framework.Ddd.Application.Contracts\TinyAbp.Framework.Ddd.Application.Contracts.csproj", "{4B22C366-B40C-44BD-86AB-D8F0E6E27027}"
EndProject
Project("{FAE04EC0-301F-11D3-BF4B-00C04F79EFBC}") = "TinyAbp.Application.Contracts", "src\TinyAbp.Application.Contracts\TinyAbp.Application.Contracts.csproj", "{105655B6-CE04-4E47-9E24-FABEB4C382D7}"
EndProject
Project("{FAE04EC0-301F-11D3-BF4B-00C04F79EFBC}") = "TinyAbp.Application", "src\TinyAbp.Application\TinyAbp.Application.csproj", "{22BC3F81-83E6-4D8D-BDC9-C63044EF12AA}"
EndProject
Project("{FAE04EC0-301F-11D3-BF4B-00C04F79EFBC}") = "TinyAbp.Framework.Mapster", "framework\TinyAbp.Framework.Mapster\TinyAbp.Framework.Mapster.csproj", "{92DC21E8-613A-4AB0-A95A-CC77C7B8F57C}"
EndProject
Project("{FAE04EC0-301F-11D3-BF4B-00C04F79EFBC}") = "TinyAbp.Framework.Caching.FreeRedis", "framework\TinyAbp.Framework.Caching.FreeRedis\TinyAbp.Framework.Caching.FreeRedis.csproj", "{5166CB96-2679-406F-BFE1-03F7F2D65A8F}"
EndProject
Global
	GlobalSection(SolutionConfigurationPlatforms) = preSolution
		Debug|Any CPU = Debug|Any CPU
		Debug|x64 = Debug|x64
		Debug|x86 = Debug|x86
		Release|Any CPU = Release|Any CPU
		Release|x64 = Release|x64
		Release|x86 = Release|x86
	EndGlobalSection
	GlobalSection(ProjectConfigurationPlatforms) = postSolution
		{80CEB65D-1576-4FBB-91BE-7814DA7444D7}.Debug|Any CPU.ActiveCfg = Debug|Any CPU
		{80CEB65D-1576-4FBB-91BE-7814DA7444D7}.Debug|Any CPU.Build.0 = Debug|Any CPU
		{80CEB65D-1576-4FBB-91BE-7814DA7444D7}.Debug|x64.ActiveCfg = Debug|Any CPU
		{80CEB65D-1576-4FBB-91BE-7814DA7444D7}.Debug|x64.Build.0 = Debug|Any CPU
		{80CEB65D-1576-4FBB-91BE-7814DA7444D7}.Debug|x86.ActiveCfg = Debug|Any CPU
		{80CEB65D-1576-4FBB-91BE-7814DA7444D7}.Debug|x86.Build.0 = Debug|Any CPU
		{80CEB65D-1576-4FBB-91BE-7814DA7444D7}.Release|Any CPU.ActiveCfg = Release|Any CPU
		{80CEB65D-1576-4FBB-91BE-7814DA7444D7}.Release|Any CPU.Build.0 = Release|Any CPU
		{80CEB65D-1576-4FBB-91BE-7814DA7444D7}.Release|x64.ActiveCfg = Release|Any CPU
		{80CEB65D-1576-4FBB-91BE-7814DA7444D7}.Release|x64.Build.0 = Release|Any CPU
		{80CEB65D-1576-4FBB-91BE-7814DA7444D7}.Release|x86.ActiveCfg = Release|Any CPU
		{80CEB65D-1576-4FBB-91BE-7814DA7444D7}.Release|x86.Build.0 = Release|Any CPU
		{1348E749-ED3F-46A9-8171-B0942B63E84E}.Debug|Any CPU.ActiveCfg = Debug|Any CPU
		{1348E749-ED3F-46A9-8171-B0942B63E84E}.Debug|Any CPU.Build.0 = Debug|Any CPU
		{1348E749-ED3F-46A9-8171-B0942B63E84E}.Debug|x64.ActiveCfg = Debug|Any CPU
		{1348E749-ED3F-46A9-8171-B0942B63E84E}.Debug|x64.Build.0 = Debug|Any CPU
		{1348E749-ED3F-46A9-8171-B0942B63E84E}.Debug|x86.ActiveCfg = Debug|Any CPU
		{1348E749-ED3F-46A9-8171-B0942B63E84E}.Debug|x86.Build.0 = Debug|Any CPU
		{1348E749-ED3F-46A9-8171-B0942B63E84E}.Release|Any CPU.ActiveCfg = Release|Any CPU
		{1348E749-ED3F-46A9-8171-B0942B63E84E}.Release|Any CPU.Build.0 = Release|Any CPU
		{1348E749-ED3F-46A9-8171-B0942B63E84E}.Release|x64.ActiveCfg = Release|Any CPU
		{1348E749-ED3F-46A9-8171-B0942B63E84E}.Release|x64.Build.0 = Release|Any CPU
		{1348E749-ED3F-46A9-8171-B0942B63E84E}.Release|x86.ActiveCfg = Release|Any CPU
		{1348E749-ED3F-46A9-8171-B0942B63E84E}.Release|x86.Build.0 = Release|Any CPU
		{0CC1EF48-AC62-4D3E-960B-F27E274F259B}.Debug|Any CPU.ActiveCfg = Debug|Any CPU
		{0CC1EF48-AC62-4D3E-960B-F27E274F259B}.Debug|Any CPU.Build.0 = Debug|Any CPU
		{0CC1EF48-AC62-4D3E-960B-F27E274F259B}.Debug|x64.ActiveCfg = Debug|Any CPU
		{0CC1EF48-AC62-4D3E-960B-F27E274F259B}.Debug|x64.Build.0 = Debug|Any CPU
		{0CC1EF48-AC62-4D3E-960B-F27E274F259B}.Debug|x86.ActiveCfg = Debug|Any CPU
		{0CC1EF48-AC62-4D3E-960B-F27E274F259B}.Debug|x86.Build.0 = Debug|Any CPU
		{0CC1EF48-AC62-4D3E-960B-F27E274F259B}.Release|Any CPU.ActiveCfg = Release|Any CPU
		{0CC1EF48-AC62-4D3E-960B-F27E274F259B}.Release|Any CPU.Build.0 = Release|Any CPU
		{0CC1EF48-AC62-4D3E-960B-F27E274F259B}.Release|x64.ActiveCfg = Release|Any CPU
		{0CC1EF48-AC62-4D3E-960B-F27E274F259B}.Release|x64.Build.0 = Release|Any CPU
		{0CC1EF48-AC62-4D3E-960B-F27E274F259B}.Release|x86.ActiveCfg = Release|Any CPU
		{0CC1EF48-AC62-4D3E-960B-F27E274F259B}.Release|x86.Build.0 = Release|Any CPU
		{4A8A781F-88C7-40DD-B0C4-77C113CA4F1D}.Debug|Any CPU.ActiveCfg = Debug|Any CPU
		{4A8A781F-88C7-40DD-B0C4-77C113CA4F1D}.Debug|Any CPU.Build.0 = Debug|Any CPU
		{4A8A781F-88C7-40DD-B0C4-77C113CA4F1D}.Debug|x64.ActiveCfg = Debug|Any CPU
		{4A8A781F-88C7-40DD-B0C4-77C113CA4F1D}.Debug|x64.Build.0 = Debug|Any CPU
		{4A8A781F-88C7-40DD-B0C4-77C113CA4F1D}.Debug|x86.ActiveCfg = Debug|Any CPU
		{4A8A781F-88C7-40DD-B0C4-77C113CA4F1D}.Debug|x86.Build.0 = Debug|Any CPU
		{4A8A781F-88C7-40DD-B0C4-77C113CA4F1D}.Release|Any CPU.ActiveCfg = Release|Any CPU
		{4A8A781F-88C7-40DD-B0C4-77C113CA4F1D}.Release|Any CPU.Build.0 = Release|Any CPU
		{4A8A781F-88C7-40DD-B0C4-77C113CA4F1D}.Release|x64.ActiveCfg = Release|Any CPU
		{4A8A781F-88C7-40DD-B0C4-77C113CA4F1D}.Release|x64.Build.0 = Release|Any CPU
		{4A8A781F-88C7-40DD-B0C4-77C113CA4F1D}.Release|x86.ActiveCfg = Release|Any CPU
		{4A8A781F-88C7-40DD-B0C4-77C113CA4F1D}.Release|x86.Build.0 = Release|Any CPU
		{3554B686-B64B-45B2-B2AA-6FFE2D7E78F3}.Debug|Any CPU.ActiveCfg = Debug|Any CPU
		{3554B686-B64B-45B2-B2AA-6FFE2D7E78F3}.Debug|Any CPU.Build.0 = Debug|Any CPU
		{3554B686-B64B-45B2-B2AA-6FFE2D7E78F3}.Debug|x64.ActiveCfg = Debug|Any CPU
		{3554B686-B64B-45B2-B2AA-6FFE2D7E78F3}.Debug|x64.Build.0 = Debug|Any CPU
		{3554B686-B64B-45B2-B2AA-6FFE2D7E78F3}.Debug|x86.ActiveCfg = Debug|Any CPU
		{3554B686-B64B-45B2-B2AA-6FFE2D7E78F3}.Debug|x86.Build.0 = Debug|Any CPU
		{3554B686-B64B-45B2-B2AA-6FFE2D7E78F3}.Release|Any CPU.ActiveCfg = Release|Any CPU
		{3554B686-B64B-45B2-B2AA-6FFE2D7E78F3}.Release|Any CPU.Build.0 = Release|Any CPU
		{3554B686-B64B-45B2-B2AA-6FFE2D7E78F3}.Release|x64.ActiveCfg = Release|Any CPU
		{3554B686-B64B-45B2-B2AA-6FFE2D7E78F3}.Release|x64.Build.0 = Release|Any CPU
		{3554B686-B64B-45B2-B2AA-6FFE2D7E78F3}.Release|x86.ActiveCfg = Release|Any CPU
		{3554B686-B64B-45B2-B2AA-6FFE2D7E78F3}.Release|x86.Build.0 = Release|Any CPU
		{3040E487-D123-4D89-82D5-7C12F725C7A3}.Debug|Any CPU.ActiveCfg = Debug|Any CPU
		{3040E487-D123-4D89-82D5-7C12F725C7A3}.Debug|Any CPU.Build.0 = Debug|Any CPU
		{3040E487-D123-4D89-82D5-7C12F725C7A3}.Debug|x64.ActiveCfg = Debug|Any CPU
		{3040E487-D123-4D89-82D5-7C12F725C7A3}.Debug|x64.Build.0 = Debug|Any CPU
		{3040E487-D123-4D89-82D5-7C12F725C7A3}.Debug|x86.ActiveCfg = Debug|Any CPU
		{3040E487-D123-4D89-82D5-7C12F725C7A3}.Debug|x86.Build.0 = Debug|Any CPU
		{3040E487-D123-4D89-82D5-7C12F725C7A3}.Release|Any CPU.ActiveCfg = Release|Any CPU
		{3040E487-D123-4D89-82D5-7C12F725C7A3}.Release|Any CPU.Build.0 = Release|Any CPU
		{3040E487-D123-4D89-82D5-7C12F725C7A3}.Release|x64.ActiveCfg = Release|Any CPU
		{3040E487-D123-4D89-82D5-7C12F725C7A3}.Release|x64.Build.0 = Release|Any CPU
		{3040E487-D123-4D89-82D5-7C12F725C7A3}.Release|x86.ActiveCfg = Release|Any CPU
		{3040E487-D123-4D89-82D5-7C12F725C7A3}.Release|x86.Build.0 = Release|Any CPU
		{4B22C366-B40C-44BD-86AB-D8F0E6E27027}.Debug|Any CPU.ActiveCfg = Debug|Any CPU
		{4B22C366-B40C-44BD-86AB-D8F0E6E27027}.Debug|Any CPU.Build.0 = Debug|Any CPU
		{4B22C366-B40C-44BD-86AB-D8F0E6E27027}.Debug|x64.ActiveCfg = Debug|Any CPU
		{4B22C366-B40C-44BD-86AB-D8F0E6E27027}.Debug|x64.Build.0 = Debug|Any CPU
		{4B22C366-B40C-44BD-86AB-D8F0E6E27027}.Debug|x86.ActiveCfg = Debug|Any CPU
		{4B22C366-B40C-44BD-86AB-D8F0E6E27027}.Debug|x86.Build.0 = Debug|Any CPU
		{4B22C366-B40C-44BD-86AB-D8F0E6E27027}.Release|Any CPU.ActiveCfg = Release|Any CPU
		{4B22C366-B40C-44BD-86AB-D8F0E6E27027}.Release|Any CPU.Build.0 = Release|Any CPU
		{4B22C366-B40C-44BD-86AB-D8F0E6E27027}.Release|x64.ActiveCfg = Release|Any CPU
		{4B22C366-B40C-44BD-86AB-D8F0E6E27027}.Release|x64.Build.0 = Release|Any CPU
		{4B22C366-B40C-44BD-86AB-D8F0E6E27027}.Release|x86.ActiveCfg = Release|Any CPU
		{4B22C366-B40C-44BD-86AB-D8F0E6E27027}.Release|x86.Build.0 = Release|Any CPU
		{105655B6-CE04-4E47-9E24-FABEB4C382D7}.Debug|Any CPU.ActiveCfg = Debug|Any CPU
		{105655B6-CE04-4E47-9E24-FABEB4C382D7}.Debug|Any CPU.Build.0 = Debug|Any CPU
		{105655B6-CE04-4E47-9E24-FABEB4C382D7}.Debug|x64.ActiveCfg = Debug|Any CPU
		{105655B6-CE04-4E47-9E24-FABEB4C382D7}.Debug|x64.Build.0 = Debug|Any CPU
		{105655B6-CE04-4E47-9E24-FABEB4C382D7}.Debug|x86.ActiveCfg = Debug|Any CPU
		{105655B6-CE04-4E47-9E24-FABEB4C382D7}.Debug|x86.Build.0 = Debug|Any CPU
		{105655B6-CE04-4E47-9E24-FABEB4C382D7}.Release|Any CPU.ActiveCfg = Release|Any CPU
		{105655B6-CE04-4E47-9E24-FABEB4C382D7}.Release|Any CPU.Build.0 = Release|Any CPU
		{105655B6-CE04-4E47-9E24-FABEB4C382D7}.Release|x64.ActiveCfg = Release|Any CPU
		{105655B6-CE04-4E47-9E24-FABEB4C382D7}.Release|x64.Build.0 = Release|Any CPU
		{105655B6-CE04-4E47-9E24-FABEB4C382D7}.Release|x86.ActiveCfg = Release|Any CPU
		{105655B6-CE04-4E47-9E24-FABEB4C382D7}.Release|x86.Build.0 = Release|Any CPU
		{22BC3F81-83E6-4D8D-BDC9-C63044EF12AA}.Debug|Any CPU.ActiveCfg = Debug|Any CPU
		{22BC3F81-83E6-4D8D-BDC9-C63044EF12AA}.Debug|Any CPU.Build.0 = Debug|Any CPU
		{22BC3F81-83E6-4D8D-BDC9-C63044EF12AA}.Debug|x64.ActiveCfg = Debug|Any CPU
		{22BC3F81-83E6-4D8D-BDC9-C63044EF12AA}.Debug|x64.Build.0 = Debug|Any CPU
		{22BC3F81-83E6-4D8D-BDC9-C63044EF12AA}.Debug|x86.ActiveCfg = Debug|Any CPU
		{22BC3F81-83E6-4D8D-BDC9-C63044EF12AA}.Debug|x86.Build.0 = Debug|Any CPU
		{22BC3F81-83E6-4D8D-BDC9-C63044EF12AA}.Release|Any CPU.ActiveCfg = Release|Any CPU
		{22BC3F81-83E6-4D8D-BDC9-C63044EF12AA}.Release|Any CPU.Build.0 = Release|Any CPU
		{22BC3F81-83E6-4D8D-BDC9-C63044EF12AA}.Release|x64.ActiveCfg = Release|Any CPU
		{22BC3F81-83E6-4D8D-BDC9-C63044EF12AA}.Release|x64.Build.0 = Release|Any CPU
		{22BC3F81-83E6-4D8D-BDC9-C63044EF12AA}.Release|x86.ActiveCfg = Release|Any CPU
		{22BC3F81-83E6-4D8D-BDC9-C63044EF12AA}.Release|x86.Build.0 = Release|Any CPU
		{92DC21E8-613A-4AB0-A95A-CC77C7B8F57C}.Debug|Any CPU.ActiveCfg = Debug|Any CPU
		{92DC21E8-613A-4AB0-A95A-CC77C7B8F57C}.Debug|Any CPU.Build.0 = Debug|Any CPU
		{92DC21E8-613A-4AB0-A95A-CC77C7B8F57C}.Debug|x64.ActiveCfg = Debug|Any CPU
		{92DC21E8-613A-4AB0-A95A-CC77C7B8F57C}.Debug|x64.Build.0 = Debug|Any CPU
		{92DC21E8-613A-4AB0-A95A-CC77C7B8F57C}.Debug|x86.ActiveCfg = Debug|Any CPU
		{92DC21E8-613A-4AB0-A95A-CC77C7B8F57C}.Debug|x86.Build.0 = Debug|Any CPU
		{92DC21E8-613A-4AB0-A95A-CC77C7B8F57C}.Release|Any CPU.ActiveCfg = Release|Any CPU
		{92DC21E8-613A-4AB0-A95A-CC77C7B8F57C}.Release|Any CPU.Build.0 = Release|Any CPU
		{92DC21E8-613A-4AB0-A95A-CC77C7B8F57C}.Release|x64.ActiveCfg = Release|Any CPU
		{92DC21E8-613A-4AB0-A95A-CC77C7B8F57C}.Release|x64.Build.0 = Release|Any CPU
		{92DC21E8-613A-4AB0-A95A-CC77C7B8F57C}.Release|x86.ActiveCfg = Release|Any CPU
		{92DC21E8-613A-4AB0-A95A-CC77C7B8F57C}.Release|x86.Build.0 = Release|Any CPU
		{5166CB96-2679-406F-BFE1-03F7F2D65A8F}.Debug|Any CPU.ActiveCfg = Debug|Any CPU
		{5166CB96-2679-406F-BFE1-03F7F2D65A8F}.Debug|Any CPU.Build.0 = Debug|Any CPU
		{5166CB96-2679-406F-BFE1-03F7F2D65A8F}.Debug|x64.ActiveCfg = Debug|Any CPU
		{5166CB96-2679-406F-BFE1-03F7F2D65A8F}.Debug|x64.Build.0 = Debug|Any CPU
		{5166CB96-2679-406F-BFE1-03F7F2D65A8F}.Debug|x86.ActiveCfg = Debug|Any CPU
		{5166CB96-2679-406F-BFE1-03F7F2D65A8F}.Debug|x86.Build.0 = Debug|Any CPU
		{5166CB96-2679-406F-BFE1-03F7F2D65A8F}.Release|Any CPU.ActiveCfg = Release|Any CPU
		{5166CB96-2679-406F-BFE1-03F7F2D65A8F}.Release|Any CPU.Build.0 = Release|Any CPU
		{5166CB96-2679-406F-BFE1-03F7F2D65A8F}.Release|x64.ActiveCfg = Release|Any CPU
		{5166CB96-2679-406F-BFE1-03F7F2D65A8F}.Release|x64.Build.0 = Release|Any CPU
		{5166CB96-2679-406F-BFE1-03F7F2D65A8F}.Release|x86.ActiveCfg = Release|Any CPU
		{5166CB96-2679-406F-BFE1-03F7F2D65A8F}.Release|x86.Build.0 = Release|Any CPU
	EndGlobalSection
	GlobalSection(SolutionProperties) = preSolution
		HideSolutionNode = FALSE
	EndGlobalSection
	GlobalSection(NestedProjects) = preSolution
		{80CEB65D-1576-4FBB-91BE-7814DA7444D7} = {9A0CCAB9-4303-13B4-2371-F1B97FF5B728}
		{1348E749-ED3F-46A9-8171-B0942B63E84E} = {9A0CCAB9-4303-13B4-2371-F1B97FF5B728}
		{0CC1EF48-AC62-4D3E-960B-F27E274F259B} = {827E0CD3-B72D-47B6-A68D-7590B98EB39B}
		{4A8A781F-88C7-40DD-B0C4-77C113CA4F1D} = {9A0CCAB9-4303-13B4-2371-F1B97FF5B728}
		{3554B686-B64B-45B2-B2AA-6FFE2D7E78F3} = {9A0CCAB9-4303-13B4-2371-F1B97FF5B728}
		{3040E487-D123-4D89-82D5-7C12F725C7A3} = {9A0CCAB9-4303-13B4-2371-F1B97FF5B728}
		{4B22C366-B40C-44BD-86AB-D8F0E6E27027} = {9A0CCAB9-4303-13B4-2371-F1B97FF5B728}
		{105655B6-CE04-4E47-9E24-FABEB4C382D7} = {827E0CD3-B72D-47B6-A68D-7590B98EB39B}
		{22BC3F81-83E6-4D8D-BDC9-C63044EF12AA} = {827E0CD3-B72D-47B6-A68D-7590B98EB39B}
		{92DC21E8-613A-4AB0-A95A-CC77C7B8F57C} = {9A0CCAB9-4303-13B4-2371-F1B97FF5B728}
		{5166CB96-2679-406F-BFE1-03F7F2D65A8F} = {9A0CCAB9-4303-13B4-2371-F1B97FF5B728}
	EndGlobalSection
	GlobalSection(ExtensibilityGlobals) = postSolution
		SolutionGuid = {EF766C5D-0B50-452E-B120-729CCDE8DEE8}
	EndGlobalSection
EndGlobal
